
Microsoft Visual Studio Solution File, Format Version 12.00
# Visual Studio Version 17
VisualStudioVersion = 17.8.34525.116
MinimumVisualStudioVersion = 10.0.40219.1
Project("{FAE04EC0-301F-11D3-BF4B-00C04F79EFBC}") = "BulkyWeb", "BulkyWeb\BulkyWeb.csproj", "{CCB060BB-F312-410B-9C6B-57F5969D4D87}"
EndProject
Global
	GlobalSection(SolutionConfigurationPlatforms) = preSolution
		Debug|Any CPU = Debug|Any CPU
		Release|Any CPU = Release|Any CPU
	EndGlobalSection
	GlobalSection(ProjectConfigurationPlatforms) = postSolution
		{CCB060BB-F312-410B-9C6B-57F5969D4D87}.Debug|Any CPU.ActiveCfg = Debug|Any CPU
		{CCB060BB-F312-410B-9C6B-57F5969D4D87}.Debug|Any CPU.Build.0 = Debug|Any CPU
		{CCB060BB-F312-410B-9C6B-57F5969D4D87}.Release|Any CPU.ActiveCfg = Release|Any CPU
		{CCB060BB-F312-410B-9C6B-57F5969D4D87}.Release|Any CPU.Build.0 = Release|Any CPU
	EndGlobalSection
	GlobalSection(SolutionProperties) = preSolution
		HideSolutionNode = FALSE
	EndGlobalSection
	GlobalSection(ExtensibilityGlobals) = postSolution
		SolutionGuid = {7516011B-2837-47D6-A2BD-12708AA77FF4}
	EndGlobalSection
EndGlobal
